
Microsoft Visual Studio Solution File, Format Version 12.00
# Visual Studio Version 17
VisualStudioVersion = 17.14.36414.22 d17.14
MinimumVisualStudioVersion = 10.0.40219.1
Project("{FAE04EC0-301F-11D3-BF4B-00C04F79EFBC}") = "WebAPI", "WebAPI.csproj", "{56FC1687-E2A0-49C6-9228-437543CDF359}"
EndProject
Global
	GlobalSection(SolutionConfigurationPlatforms) = preSolution
		Debug|Any CPU = Debug|Any CPU
		Release|Any CPU = Release|Any CPU
	EndGlobalSection
	GlobalSection(ProjectConfigurationPlatforms) = postSolution
		{56FC1687-E2A0-49C6-9228-437543CDF359}.Debug|Any CPU.ActiveCfg = Debug|Any CPU
		{56FC1687-E2A0-49C6-9228-437543CDF359}.Debug|Any CPU.Build.0 = Debug|Any CPU
		{56FC1687-E2A0-49C6-9228-437543CDF359}.Release|Any CPU.ActiveCfg = Release|Any CPU
		{56FC1687-E2A0-49C6-9228-437543CDF359}.Release|Any CPU.Build.0 = Release|Any CPU
	EndGlobalSection
	GlobalSection(SolutionProperties) = preSolution
		HideSolutionNode = FALSE
	EndGlobalSection
	GlobalSection(ExtensibilityGlobals) = postSolution
		SolutionGuid = {6F35C1F8-8CB1-4DD6-BAB3-3F98B97A8FAC}
	EndGlobalSection
EndGlobal
